
Microsoft Visual Studio Solution File, Format Version 12.00
# Visual Studio Version 17
VisualStudioVersion = 17.2.32602.215
MinimumVisualStudioVersion = 10.0.40219.1
Project("{9092AA53-FB77-4645-B42D-1CCCA6BD08BD}") = "JVs_prueba", "JVs_prueba.njsproj", "{A576AF3B-BE92-4132-95A8-24202035269C}"
EndProject
Global
	GlobalSection(SolutionConfigurationPlatforms) = preSolution
		Debug|Any CPU = Debug|Any CPU
		Release|Any CPU = Release|Any CPU
	EndGlobalSection
	GlobalSection(ProjectConfigurationPlatforms) = postSolution
		{A576AF3B-BE92-4132-95A8-24202035269C}.Debug|Any CPU.ActiveCfg = Debug|Any CPU
		{A576AF3B-BE92-4132-95A8-24202035269C}.Debug|Any CPU.Build.0 = Debug|Any CPU
		{A576AF3B-BE92-4132-95A8-24202035269C}.Release|Any CPU.ActiveCfg = Release|Any CPU
		{A576AF3B-BE92-4132-95A8-24202035269C}.Release|Any CPU.Build.0 = Release|Any CPU
	EndGlobalSection
	GlobalSection(SolutionProperties) = preSolution
		HideSolutionNode = FALSE
	EndGlobalSection
	GlobalSection(ExtensibilityGlobals) = postSolution
		SolutionGuid = {4EC6F8DE-03F5-4716-8B27-FA061DF1B5A5}
	EndGlobalSection
EndGlobal
